
Microsoft Visual Studio Solution File, Format Version 12.00
# Visual Studio 15
VisualStudioVersion = 15.0.27130.2027
MinimumVisualStudioVersion = 10.0.40219.1
Project("{8BC9CEB8-8B4A-11D0-8D11-00A0C91BC942}") = "shrink_by_deleting", "shrink_by_deleting\shrink_by_deleting.vcxproj", "{6703B20B-6B4A-40A5-B5FF-8B4A02FBD224}"
EndProject
Global
	GlobalSection(SolutionConfigurationPlatforms) = preSolution
		Debug|x64 = Debug|x64
		Debug|x86 = Debug|x86
		Release|x64 = Release|x64
		Release|x86 = Release|x86
	EndGlobalSection
	GlobalSection(ProjectConfigurationPlatforms) = postSolution
		{6703B20B-6B4A-40A5-B5FF-8B4A02FBD224}.Debug|x64.ActiveCfg = Debug|x64
		{6703B20B-6B4A-40A5-B5FF-8B4A02FBD224}.Debug|x64.Build.0 = Debug|x64
		{6703B20B-6B4A-40A5-B5FF-8B4A02FBD224}.Debug|x86.ActiveCfg = Debug|Win32
		{6703B20B-6B4A-40A5-B5FF-8B4A02FBD224}.Debug|x86.Build.0 = Debug|Win32
		{6703B20B-6B4A-40A5-B5FF-8B4A02FBD224}.Release|x64.ActiveCfg = Release|x64
		{6703B20B-6B4A-40A5-B5FF-8B4A02FBD224}.Release|x64.Build.0 = Release|x64
		{6703B20B-6B4A-40A5-B5FF-8B4A02FBD224}.Release|x86.ActiveCfg = Release|Win32
		{6703B20B-6B4A-40A5-B5FF-8B4A02FBD224}.Release|x86.Build.0 = Release|Win32
	EndGlobalSection
	GlobalSection(SolutionProperties) = preSolution
		HideSolutionNode = FALSE
	EndGlobalSection
	GlobalSection(ExtensibilityGlobals) = postSolution
		SolutionGuid = {182324F0-40D8-41BF-A16D-03A275753947}
	EndGlobalSection
EndGlobal
